
Microsoft Visual Studio Solution File, Format Version 12.00
# Visual Studio Version 17
VisualStudioVersion = 17.9.34728.123
MinimumVisualStudioVersion = 10.0.40219.1
Project("{FAE04EC0-301F-11D3-BF4B-00C04F79EFBC}") = "CRUD(SEM SER CRUD)", "CRUD(SEM SER CRUD)\CRUD(SEM SER CRUD).csproj", "{426D49C5-A510-4DA9-8B4C-B7CCDD7BE3F6}"
EndProject
Global
	GlobalSection(SolutionConfigurationPlatforms) = preSolution
		Debug|Any CPU = Debug|Any CPU
		Release|Any CPU = Release|Any CPU
	EndGlobalSection
	GlobalSection(ProjectConfigurationPlatforms) = postSolution
		{426D49C5-A510-4DA9-8B4C-B7CCDD7BE3F6}.Debug|Any CPU.ActiveCfg = Debug|Any CPU
		{426D49C5-A510-4DA9-8B4C-B7CCDD7BE3F6}.Debug|Any CPU.Build.0 = Debug|Any CPU
		{426D49C5-A510-4DA9-8B4C-B7CCDD7BE3F6}.Release|Any CPU.ActiveCfg = Release|Any CPU
		{426D49C5-A510-4DA9-8B4C-B7CCDD7BE3F6}.Release|Any CPU.Build.0 = Release|Any CPU
	EndGlobalSection
	GlobalSection(SolutionProperties) = preSolution
		HideSolutionNode = FALSE
	EndGlobalSection
	GlobalSection(ExtensibilityGlobals) = postSolution
		SolutionGuid = {2BEEB8B5-846C-4DCD-9268-8BB19BCE53F9}
	EndGlobalSection
EndGlobal
